<?xml version="1.0" encoding="utf-8"?>
<Project ToolsVersion="4.0" xmlns="http://schemas.microsoft.com/developer/msbuild/2003">
  <ItemGroup>
    <Filter Include="Coomon">
      <UniqueIdentifier>{487d6b63-7820-4ab4-b26b-b2fdec1cafc5}</UniqueIdentifier>
    </Filter>
    <Filter Include="High Level Interface">
      <UniqueIdentifier>{92adf58a-9e30-45a7-b11b-436c98dbb1d2}</UniqueIdentifier>
    </Filter>
    <Filter Include="Graphics">
      <UniqueIdentifier>{a4cd65a0-1e1d-4f67-ab93-e038d13d9920}</UniqueIdentifier>
    </Filter>
    <Filter Include="Coomon\Math">
      <UniqueIdentifier>{ce4b8651-3c20-4c2e-96a9-ec91d1a5c005}</UniqueIdentifier>
    </Filter>
    <Filter Include="Resource">
      <UniqueIdentifier>{5606febd-87ff-4ad4-82c7-a02515010f26}</UniqueIdentifier>
    </Filter>
    <Filter Include="Time">
      <UniqueIdentifier>{6d87fa88-5870-45ec-a6fb-b0730e02e550}</UniqueIdentifier>
    </Filter>
    <Filter Include="Input">
      <UniqueIdentifier>{b01af0e6-d5c0-463c-b768-a28da6e63834}</UniqueIdentifier>
    </Filter>
    <Filter Include="Scene">
      <UniqueIdentifier>{e9e15e0a-be3a-4e8b-9098-80a9b122197c}</UniqueIdentifier>
    </Filter>
    <Filter Include="GameObject">
      <UniqueIdentifier>{bf353b1e-b141-4954-a2a1-e1a60a00b5a3}</UniqueIdentifier>
    </Filter>
    <Filter Include="Shader">
      <UniqueIdentifier>{a5e8d731-fa45-415b-be87-dff730709f73}</UniqueIdentifier>
    </Filter>
    <Filter Include="Manager">
      <UniqueIdentifier>{afbf2f6f-7fd2-496f-993f-f72befea7b2f}</UniqueIdentifier>
    </Filter>
    <Filter Include="Component">
      <UniqueIdentifier>{d252aa4e-5e12-4689-9a80-6ac3e2e1bf6c}</UniqueIdentifier>
    </Filter>
    <Filter Include="Material">
      <UniqueIdentifier>{f51690cc-291e-411c-9f35-0b1c3c6dfaa5}</UniqueIdentifier>
    </Filter>
    <Filter Include="Script">
      <UniqueIdentifier>{5a0bdeee-2f55-4f7a-adfd-ff97413fe6e7}</UniqueIdentifier>
    </Filter>
    <Filter Include="Script\Contents">
      <UniqueIdentifier>{c54cee57-a0d9-4ffb-ba79-88b1ca79d3f0}</UniqueIdentifier>
    </Filter>
    <Filter Include="Component\Camera">
      <UniqueIdentifier>{aa24b651-1e8e-4077-8376-1098e6d104c8}</UniqueIdentifier>
    </Filter>
    <Filter Include="Component\Renderer">
      <UniqueIdentifier>{013139ed-f3ae-4655-9941-ec78368e115e}</UniqueIdentifier>
    </Filter>
    <Filter Include="Component\Transform">
      <UniqueIdentifier>{8fc60841-50f4-49c2-ab98-3e8d2eac3667}</UniqueIdentifier>
    </Filter>
  </ItemGroup>
  <ItemGroup>
    <ClCompile Include="yaApplication.cpp">
      <Filter>High Level Interface</Filter>
    </ClCompile>
    <ClCompile Include="yaGraphicDevice_DX11.cpp">
      <Filter>Graphics</Filter>
    </ClCompile>
    <ClCompile Include="yaMath.cpp">
      <Filter>Coomon\Math</Filter>
    </ClCompile>
    <ClCompile Include="yaResource.cpp">
      <Filter>Resource</Filter>
    </ClCompile>
    <ClCompile Include="yaTime.cpp">
      <Filter>Time</Filter>
    </ClCompile>
    <ClCompile Include="yaInput.cpp">
      <Filter>Input</Filter>
    </ClCompile>
    <ClCompile Include="yaEntity.cpp">
      <Filter>Coomon</Filter>
    </ClCompile>
    <ClCompile Include="yaSceneManager.cpp">
      <Filter>Scene</Filter>
    </ClCompile>
    <ClCompile Include="yaScene.cpp">
      <Filter>Scene</Filter>
    </ClCompile>
    <ClCompile Include="yaGameObject.cpp">
      <Filter>GameObject</Filter>
    </ClCompile>
    <ClCompile Include="yaLayer.cpp">
      <Filter>Scene</Filter>
    </ClCompile>
    <ClCompile Include="yaMesh.cpp">
      <Filter>Resource</Filter>
    </ClCompile>
    <ClCompile Include="yaMeshRenderer.cpp">
      <Filter>Component\Renderer</Filter>
    </ClCompile>
    <ClCompile Include="yaRenderer.cpp">
      <Filter>Component\Renderer</Filter>
    </ClCompile>
    <ClCompile Include="yaShader.cpp">
      <Filter>Shader</Filter>
    </ClCompile>
    <ClCompile Include="yaResources.cpp">
      <Filter>Manager</Filter>
    </ClCompile>
    <ClCompile Include="yaComponent.cpp">
      <Filter>Component</Filter>
    </ClCompile>
    <ClCompile Include="yaMaterial.cpp">
      <Filter>Material</Filter>
    </ClCompile>
    <ClCompile Include="yaConstantBuffer.cpp">
      <Filter>Graphics</Filter>
    </ClCompile>
    <ClCompile Include="yaTexture.cpp">
      <Filter>Resource</Filter>
    </ClCompile>
    <ClCompile Include="yaScript.cpp">
      <Filter>Script</Filter>
    </ClCompile>
    <ClCompile Include="yaPlayerScript.cpp">
      <Filter>Script\Contents</Filter>
    </ClCompile>
    <ClCompile Include="yaCamera.cpp">
      <Filter>Component\Camera</Filter>
    </ClCompile>
    <ClCompile Include="yaTransform.cpp">
      <Filter>Component\Transform</Filter>
    </ClCompile>
    <ClCompile Include="yaCameraScript.cpp">
      <Filter>Script</Filter>
    </ClCompile>
    <ClCompile Include="yaSpriteRenderer.cpp">
      <Filter>Component\Renderer</Filter>
    </ClCompile>
    <ClCompile Include="yaBaseRenderer.cpp">
      <Filter>Component\Renderer</Filter>
    </ClCompile>
    <ClCompile Include="yaPlayerMoveScript.cpp">
      <Filter>Script\Contents</Filter>
    </ClCompile>
    <ClCompile Include="yaGridScript.cpp">
      <Filter>Script</Filter>
    </ClCompile>
  </ItemGroup>
  <ItemGroup>
    <ClInclude Include="CommonInclude.h">
      <Filter>Coomon</Filter>
    </ClInclude>
    <ClInclude Include="yaApplication.h">
      <Filter>High Level Interface</Filter>
    </ClInclude>
    <ClInclude Include="yaGraphicDevice_DX11.h">
      <Filter>Graphics</Filter>
    </ClInclude>
    <ClInclude Include="yaMath.h">
      <Filter>Coomon\Math</Filter>
    </ClInclude>
    <ClInclude Include="yaResource.h">
      <Filter>Resource</Filter>
    </ClInclude>
    <ClInclude Include="yaTime.h">
      <Filter>Time</Filter>
    </ClInclude>
    <ClInclude Include="yaInput.h">
      <Filter>Input</Filter>
    </ClInclude>
    <ClInclude Include="yaEntity.h">
      <Filter>Coomon</Filter>
    </ClInclude>
    <ClInclude Include="yaGraphics.h">
      <Filter>Graphics</Filter>
    </ClInclude>
    <ClInclude Include="yaEngine.h">
      <Filter>Coomon</Filter>
    </ClInclude>
    <ClInclude Include="yaEnums.h">
      <Filter>Coomon</Filter>
    </ClInclude>
    <ClInclude Include="yaSceneManager.h">
      <Filter>Scene</Filter>
    </ClInclude>
    <ClInclude Include="yaScene.h">
      <Filter>Scene</Filter>
    </ClInclude>
    <ClInclude Include="yaGameObject.h">
      <Filter>GameObject</Filter>
    </ClInclude>
    <ClInclude Include="yaLayer.h">
      <Filter>Scene</Filter>
    </ClInclude>
    <ClInclude Include="yaMesh.h">
      <Filter>Resource</Filter>
    </ClInclude>
    <ClInclude Include="yaMeshRenderer.h">
      <Filter>Component\Renderer</Filter>
    </ClInclude>
    <ClInclude Include="yaRenderer.h">
      <Filter>Component\Renderer</Filter>
    </ClInclude>
    <ClInclude Include="yaShader.h">
      <Filter>Shader</Filter>
    </ClInclude>
    <ClInclude Include="yaResources.h">
      <Filter>Manager</Filter>
    </ClInclude>
    <ClInclude Include="yaComponent.h">
      <Filter>Component</Filter>
    </ClInclude>
    <ClInclude Include="yaMaterial.h">
      <Filter>Material</Filter>
    </ClInclude>
    <ClInclude Include="yaConstantBuffer.h">
      <Filter>Graphics</Filter>
    </ClInclude>
    <ClInclude Include="yaTexture.h">
      <Filter>Resource</Filter>
    </ClInclude>
    <ClInclude Include="yaScript.h">
      <Filter>Script</Filter>
    </ClInclude>
    <ClInclude Include="yaPlayerScript.h">
      <Filter>Script\Contents</Filter>
    </ClInclude>
    <ClInclude Include="yaCamera.h">
      <Filter>Component\Camera</Filter>
    </ClInclude>
    <ClInclude Include="yaTransform.h">
      <Filter>Component\Transform</Filter>
    </ClInclude>
    <ClInclude Include="yaCameraScript.h">
      <Filter>Script</Filter>
    </ClInclude>
    <ClInclude Include="yaSpriteRenderer.h">
      <Filter>Component\Renderer</Filter>
    </ClInclude>
    <ClInclude Include="yaBaseRenderer.h">
      <Filter>Component\Renderer</Filter>
    </ClInclude>
    <ClInclude Include="yaPlayerMoveScript.h">
      <Filter>Script\Contents</Filter>
    </ClInclude>
    <ClInclude Include="yaGridScript.h">
      <Filter>Script</Filter>
    </ClInclude>
    <ClInclude Include="yaObject.h">
      <Filter>GameObject</Filter>
    </ClInclude>
  </ItemGroup>
  <ItemGroup>
    <None Include="yaMath.inl">
      <Filter>Coomon\Math</Filter>
    </None>
  </ItemGroup>
</Project>